<?xml version="1.0" encoding="UTF-8" standalone="yes" ?>
<CodeBlocks_project_file>
	<FileVersion major="1" minor="6" />
	<Project>
		<Option title="maudio" />
		<Option pch_mode="2" />
		<Option compiler="gcc" />
		<Build>
			<Target title="Debug">
				<Option output="bin/Debug/maudio" prefix_auto="1" extension_auto="1" />
				<Option object_output="obj/Debug/" />
				<Option type="1" />
				<Option compiler="gcc" />
				<Compiler>
					<Add option="-g" />
				</Compiler>
			</Target>
			<Target title="Release">
				<Option output="bin/Release/maudio" prefix_auto="1" extension_auto="1" />
				<Option object_output="obj/Release/" />
				<Option type="1" />
				<Option compiler="gcc" />
				<Compiler>
					<Add option="-O2" />
				</Compiler>
				<Linker>
					<Add option="-s" />
				</Linker>
			</Target>
		</Build>
		<Compiler>
			<Add option="-std=c++11" />
			<Add option="-Wall" />
			<Add option="-fexceptions" />
			<Add directory="../../include" />
			<Add directory="../../src" />
		</Compiler>
		<Linker>
			<Add option="-lportaudio" />
			<Add option="-ldl" />
		</Linker>
		<Unit filename="../../examples/test1.cpp" />
		<Unit filename="../../include/core/actions/BaseAction.hpp" />
		<Unit filename="../../include/core/actions/SinusGenerator.hpp" />
		<Unit filename="../../include/core/actions/TerminalPrinter.hpp" />
		<Unit filename="../../include/core/audiodata/AudioBuffer.hpp" />
		<Unit filename="../../include/core/audiodata/AudioInfo.hpp" />
		<Unit filename="../../include/core/audiodata/AudioQueue.hpp" />
		<Unit filename="../../include/core/audiodata/FileInfo.hpp" />
		<Unit filename="../../include/core/audiodata/IAudioBuffer.hpp" />
		<Unit filename="../../include/core/audiodata/IAudioInfo.hpp" />
		<Unit filename="../../include/core/audiodata/ISample.hpp" />
		<Unit filename="../../include/core/audiodata/Sample.hpp" />
		<Unit filename="../../include/core/node/ActionNode.hpp" />
		<Unit filename="../../include/core/node/IAction.hpp" />
		<Unit filename="../../include/core/node/IControl.hpp" />
		<Unit filename="../../include/core/node/ISocket.hpp" />
		<Unit filename="../../include/core/node/Node.hpp" />
		<Unit filename="../../include/core/node/Scene.hpp" />
		<Unit filename="../../include/core/pluginmanager/PluginLoader.hpp" />
		<Unit filename="../../include/core/pluginmanager/PluginManager.hpp" />
		<Unit filename="../../include/core/property/IKeyableProperty.hpp" />
		<Unit filename="../../include/core/property/IProperty.hpp" />
		<Unit filename="../../include/core/property/IPropertyManager.hpp" />
		<Unit filename="../../include/core/property/PropertyManager.hpp" />
		<Unit filename="../../include/core/property/SimpleKeyableProperty.hpp" />
		<Unit filename="../../include/core/property/SimpleProperty.hpp" />
		<Unit filename="../../include/core/serializer/Serializer.hpp" />
		<Unit filename="../../include/core/serializer/SerializerStore.hpp" />
		<Unit filename="../../include/core/serializer/TXTSerializer.hpp" />
		<Unit filename="../../include/core/store/Config.hpp" />
		<Unit filename="../../include/core/store/ConfigManager.hpp" />
		<Unit filename="../../include/core/store/IKeyValueStore.hpp" />
		<Unit filename="../../include/core/store/KeyValueStore.hpp" />
		<Unit filename="../../include/core/util/AudioException.hpp" />
		<Unit filename="../../include/core/util/String.hpp" />
		<Unit filename="../../include/core/util/UniqueID.hpp" />
		<Unit filename="../../include/core/util/Util.hpp" />
		<Unit filename="../../include/core/util/action_ptr.hpp" />
		<Unit filename="../../include/core/util/simple_ptr.hpp" />
		<Unit filename="../../src/core/actions/BaseAction.cpp" />
		<Unit filename="../../src/core/actions/SinusGenerator.cpp" />
		<Unit filename="../../src/core/actions/TerminalPrinter.cpp" />
		<Unit filename="../../src/core/audiodata/AudioBuffer.cpp" />
		<Unit filename="../../src/core/audiodata/AudioQueue.cpp" />
		<Unit filename="../../src/core/audiodata/Sample.cpp" />
		<Unit filename="../../src/core/node/ActionNode.cpp" />
		<Unit filename="../../src/core/node/Node.cpp" />
		<Unit filename="../../src/core/node/Scene.cpp" />
		<Unit filename="../../src/core/pluginmanager/PluginManager.cpp" />
		<Unit filename="../../src/core/property/PropertyManager.cpp" />
		<Unit filename="../../src/core/property/SimpleKeyableProperty.cpp" />
		<Unit filename="../../src/core/property/SimpleProperty.cpp" />
		<Unit filename="../../src/core/serializer/SerializerStore.cpp" />
		<Unit filename="../../src/core/serializer/TXTSerializer.cpp" />
		<Unit filename="../../src/core/store/Config.cpp" />
		<Unit filename="../../src/core/store/ConfigManager.cpp" />
		<Unit filename="../../src/core/store/KeyValueStore.cpp" />
		<Unit filename="../../src/core/util/String.cpp" />
		<Unit filename="../../src/core/util/UniqueID.cpp" />
		<Unit filename="../../src/core/util/Util.cpp" />
		<Unit filename="../../src/extended/util/AudioDevice.hpp" />
		<Extensions>
			<envvars />
			<code_completion />
			<debugger />
			<lib_finder disable_auto="1" />
		</Extensions>
	</Project>
</CodeBlocks_project_file>
