<?xml version="1.0" encoding="UTF-8" standalone="yes" ?>
<CodeBlocks_project_file>
	<FileVersion major="1" minor="6" />
	<Project>
		<Option title="maudio" />
		<Option pch_mode="2" />
		<Option compiler="gcc" />
		<Build>
			<Target title="Debug">
				<Option output="bin/Debug/maudio" prefix_auto="1" extension_auto="1" />
				<Option object_output="obj/Debug/" />
				<Option type="1" />
				<Option compiler="gcc" />
				<Compiler>
					<Add option="-g" />
				</Compiler>
			</Target>
			<Target title="Release">
				<Option output="bin/Release/maudio" prefix_auto="1" extension_auto="1" />
				<Option object_output="obj/Release/" />
				<Option type="1" />
				<Option compiler="gcc" />
				<Compiler>
					<Add option="-O2" />
				</Compiler>
				<Linker>
					<Add option="-s" />
				</Linker>
			</Target>
		</Build>
		<Compiler>
			<Add option="-std=c++11" />
			<Add option="-Wall" />
			<Add option="-fexceptions" />
			<Add directory="../../include" />
			<Add directory="../../src" />
		</Compiler>
		<Unit filename="../../include/core/audiodata/AudioBuffer.hpp" />
		<Unit filename="../../include/core/audiodata/AudioInfo.hpp" />
		<Unit filename="../../include/core/audiodata/FileInfo.hpp" />
		<Unit filename="../../include/core/audiodata/IAudioBuffer.hpp" />
		<Unit filename="../../include/core/audiodata/ISample.hpp" />
		<Unit filename="../../include/core/audiodata/RawAudioBuffer.hpp" />
		<Unit filename="../../include/core/audiodata/RawSample.hpp" />
		<Unit filename="../../include/core/audiodata/Sample.hpp" />
		<Unit filename="../../include/core/audiosink/FileWriter.hpp" />
		<Unit filename="../../include/core/audiosink/IAudioSink.hpp" />
		<Unit filename="../../include/core/audiosink/Player.hpp" />
		<Unit filename="../../include/core/audiosink/TerminalPrinter.hpp" />
		<Unit filename="../../include/core/audiosource/BulkReader.hpp" />
		<Unit filename="../../include/core/audiosource/IAudioGenerator.hpp" />
		<Unit filename="../../include/core/audiosource/IAudioSource.hpp" />
		<Unit filename="../../include/core/audiosource/SinusGenerator.hpp" />
		<Unit filename="../../include/core/audiosource/StreamReader.hpp" />
		<Unit filename="../../include/core/manipulator/IManipulator.hpp" />
		<Unit filename="../../include/core/manipulator/Resampler.hpp" />
		<Unit filename="../../include/core/pluginmanager/PluhinManager.hpp" />
		<Unit filename="../../include/core/util/AudioException.hpp" />
		<Unit filename="../../include/core/util/Config.hpp" />
		<Unit filename="../../src/core/audiodata/AudioBuffer.cpp" />
		<Unit filename="../../src/core/audiodata/RawAudioBuffer.cpp" />
		<Unit filename="../../src/core/audiodata/RawSample.cpp" />
		<Unit filename="../../src/core/audiodata/Sample.cpp" />
		<Unit filename="../../src/core/audiosink/FileWriter.cpp" />
		<Unit filename="../../src/core/audiosink/Player.cpp" />
		<Unit filename="../../src/core/audiosink/TerminalPrinter.cpp" />
		<Unit filename="../../src/core/audiosource/BulkReader.cpp" />
		<Unit filename="../../src/core/audiosource/SinusGenerator.cpp" />
		<Unit filename="../../src/core/audiosource/StreamReader.cpp" />
		<Unit filename="../../src/core/manipulator/Resampler.cpp" />
		<Unit filename="../../src/core/pluginmanager/PluhinManager.cpp" />
		<Unit filename="../../src/core/util/AudioDevice.cpp" />
		<Unit filename="../../src/core/util/AudioDevice.hpp" />
		<Unit filename="../../src/core/util/Config.cpp" />
		<Unit filename="../../src/examples/test1.cpp" />
		<Extensions>
			<envvars />
			<code_completion />
			<debugger />
			<lib_finder disable_auto="1" />
		</Extensions>
	</Project>
</CodeBlocks_project_file>
